
Microsoft Visual Studio Solution File, Format Version 12.00
# Visual Studio Version 17
VisualStudioVersion = 17.5.33414.496
MinimumVisualStudioVersion = 10.0.40219.1
Project("{FAE04EC0-301F-11D3-BF4B-00C04F79EFBC}") = "Examen.Shared", "Examen.Shared\Examen.Shared.csproj", "{2E5CEC93-4EC0-4581-937E-8B7BBBEEC457}"
EndProject
Project("{FAE04EC0-301F-11D3-BF4B-00C04F79EFBC}") = "Examen.API", "Examen.API\Examen.API.csproj", "{04E2F805-60FB-4BDB-853E-F3AC8D8A80D6}"
EndProject
Project("{FAE04EC0-301F-11D3-BF4B-00C04F79EFBC}") = "Examen.WEB", "Examen.WEB\Examen.WEB.csproj", "{1627D7F6-36CA-4E80-A5EF-0FDED605DC43}"
EndProject
Global
	GlobalSection(SolutionConfigurationPlatforms) = preSolution
		Debug|Any CPU = Debug|Any CPU
		Release|Any CPU = Release|Any CPU
	EndGlobalSection
	GlobalSection(ProjectConfigurationPlatforms) = postSolution
		{2E5CEC93-4EC0-4581-937E-8B7BBBEEC457}.Debug|Any CPU.ActiveCfg = Debug|Any CPU
		{2E5CEC93-4EC0-4581-937E-8B7BBBEEC457}.Debug|Any CPU.Build.0 = Debug|Any CPU
		{2E5CEC93-4EC0-4581-937E-8B7BBBEEC457}.Release|Any CPU.ActiveCfg = Release|Any CPU
		{2E5CEC93-4EC0-4581-937E-8B7BBBEEC457}.Release|Any CPU.Build.0 = Release|Any CPU
		{04E2F805-60FB-4BDB-853E-F3AC8D8A80D6}.Debug|Any CPU.ActiveCfg = Debug|Any CPU
		{04E2F805-60FB-4BDB-853E-F3AC8D8A80D6}.Debug|Any CPU.Build.0 = Debug|Any CPU
		{04E2F805-60FB-4BDB-853E-F3AC8D8A80D6}.Release|Any CPU.ActiveCfg = Release|Any CPU
		{04E2F805-60FB-4BDB-853E-F3AC8D8A80D6}.Release|Any CPU.Build.0 = Release|Any CPU
		{1627D7F6-36CA-4E80-A5EF-0FDED605DC43}.Debug|Any CPU.ActiveCfg = Debug|Any CPU
		{1627D7F6-36CA-4E80-A5EF-0FDED605DC43}.Debug|Any CPU.Build.0 = Debug|Any CPU
		{1627D7F6-36CA-4E80-A5EF-0FDED605DC43}.Release|Any CPU.ActiveCfg = Release|Any CPU
		{1627D7F6-36CA-4E80-A5EF-0FDED605DC43}.Release|Any CPU.Build.0 = Release|Any CPU
	EndGlobalSection
	GlobalSection(SolutionProperties) = preSolution
		HideSolutionNode = FALSE
	EndGlobalSection
	GlobalSection(ExtensibilityGlobals) = postSolution
		SolutionGuid = {3191D6A2-74F0-480D-8494-9F4024B14F7B}
	EndGlobalSection
EndGlobal
